
Microsoft Visual Studio Solution File, Format Version 12.00
# Visual Studio 15
VisualStudioVersion = 15.0.28307.271
MinimumVisualStudioVersion = 10.0.40219.1
Project("{FAE04EC0-301F-11D3-BF4B-00C04F79EFBC}") = "Assignment1_D012719", "Assignment1_D012719\Assignment1_D012719.csproj", "{DA03A67C-C29C-47FA-9384-BB99A6D07157}"
EndProject
Global
	GlobalSection(SolutionConfigurationPlatforms) = preSolution
		Debug|Any CPU = Debug|Any CPU
		Release|Any CPU = Release|Any CPU
	EndGlobalSection
	GlobalSection(ProjectConfigurationPlatforms) = postSolution
		{DA03A67C-C29C-47FA-9384-BB99A6D07157}.Debug|Any CPU.ActiveCfg = Debug|Any CPU
		{DA03A67C-C29C-47FA-9384-BB99A6D07157}.Debug|Any CPU.Build.0 = Debug|Any CPU
		{DA03A67C-C29C-47FA-9384-BB99A6D07157}.Release|Any CPU.ActiveCfg = Release|Any CPU
		{DA03A67C-C29C-47FA-9384-BB99A6D07157}.Release|Any CPU.Build.0 = Release|Any CPU
	EndGlobalSection
	GlobalSection(SolutionProperties) = preSolution
		HideSolutionNode = FALSE
	EndGlobalSection
	GlobalSection(ExtensibilityGlobals) = postSolution
		SolutionGuid = {F068D554-9B94-41E4-979A-05965BAD3427}
	EndGlobalSection
EndGlobal
